// !$*UTF8*$!
{
	archiveVersion = 1;
	classes = {
	};
	objectVersion = 51;
	objects = {

/* Begin PBXBuildFile section */
		0CCE2BB50C8CDD8D6A5E89F2 /* Pods_GifMasterTests.framework in Frameworks */ = {isa = PBXBuildFile; fileRef = 27CFDFCCB1D9DC2F9F4CDAB6 /* Pods_GifMasterTests.framework */; };
		703C98D6DF11204375AECA14 /* Pods_GifMaster.framework in Frameworks */ = {isa = PBXBuildFile; fileRef = 2FF9B533D8AE6092AB5C97EB /* Pods_GifMaster.framework */; };
		98AE8648A0C70FCC009E8F29 /* Pods_GifMaster_GifMasterUITests.framework in Frameworks */ = {isa = PBXBuildFile; fileRef = CFBD4EDF2EB44AE307354F9D /* Pods_GifMaster_GifMasterUITests.framework */; };
		FC5AFAC826A826540025E8A7 /* CateModel.swift in Sources */ = {isa = PBXBuildFile; fileRef = FC5AFAC726A826540025E8A7 /* CateModel.swift */; };
		FC5AFACA26A906720025E8A7 /* ImageLoader.swift in Sources */ = {isa = PBXBuildFile; fileRef = FC5AFAC926A906720025E8A7 /* ImageLoader.swift */; };
		FC5AFACC26A90BD20025E8A7 /* SearchModel.swift in Sources */ = {isa = PBXBuildFile; fileRef = FC5AFACB26A90BD20025E8A7 /* SearchModel.swift */; };
		FC5AFACE26A90F210025E8A7 /* SubCateModel.swift in Sources */ = {isa = PBXBuildFile; fileRef = FC5AFACD26A90F210025E8A7 /* SubCateModel.swift */; };
		FC5AFAD226A95E5B0025E8A7 /* CategoryDetailViewController.swift in Sources */ = {isa = PBXBuildFile; fileRef = FC5AFAD126A95E5B0025E8A7 /* CategoryDetailViewController.swift */; };
		FC5AFAD426A9776E0025E8A7 /* IconDetailViewController.swift in Sources */ = {isa = PBXBuildFile; fileRef = FC5AFAD326A9776E0025E8A7 /* IconDetailViewController.swift */; };
		FC5AFAD926AFDAE60025E8A7 /* SearchCell.swift in Sources */ = {isa = PBXBuildFile; fileRef = FC5AFAD826AFDAE60025E8A7 /* SearchCell.swift */; };
		FC80DA4226B2519300009C8E /* AboutUsViewController.swift in Sources */ = {isa = PBXBuildFile; fileRef = FC80DA4126B2519300009C8E /* AboutUsViewController.swift */; };
		FCF4474F26A67EB800315CC2 /* AppDelegate.swift in Sources */ = {isa = PBXBuildFile; fileRef = FCF4474E26A67EB800315CC2 /* AppDelegate.swift */; };
		FCF4475126A67EB800315CC2 /* SceneDelegate.swift in Sources */ = {isa = PBXBuildFile; fileRef = FCF4475026A67EB800315CC2 /* SceneDelegate.swift */; };
		FCF4475326A67EB800315CC2 /* TabBarController.swift in Sources */ = {isa = PBXBuildFile; fileRef = FCF4475226A67EB800315CC2 /* TabBarController.swift */; };
		FCF4475826A67EBA00315CC2 /* Assets.xcassets in Resources */ = {isa = PBXBuildFile; fileRef = FCF4475726A67EBA00315CC2 /* Assets.xcassets */; };
		FCF4475B26A67EBA00315CC2 /* LaunchScreen.storyboard in Resources */ = {isa = PBXBuildFile; fileRef = FCF4475926A67EBA00315CC2 /* LaunchScreen.storyboard */; };
		FCF4476626A67EBA00315CC2 /* GifMasterTests.swift in Sources */ = {isa = PBXBuildFile; fileRef = FCF4476526A67EBA00315CC2 /* GifMasterTests.swift */; };
		FCF4477126A67EBA00315CC2 /* GifMasterUITests.swift in Sources */ = {isa = PBXBuildFile; fileRef = FCF4477026A67EBA00315CC2 /* GifMasterUITests.swift */; };
		FCF4477F26A6987700315CC2 /* HomeViewController.swift in Sources */ = {isa = PBXBuildFile; fileRef = FCF4477E26A6987700315CC2 /* HomeViewController.swift */; };
		FCF4478126A6988800315CC2 /* SearchViewController.swift in Sources */ = {isa = PBXBuildFile; fileRef = FCF4478026A6988800315CC2 /* SearchViewController.swift */; };
		FCF4478326A698F800315CC2 /* SettingsViewController.swift in Sources */ = {isa = PBXBuildFile; fileRef = FCF4478226A698F800315CC2 /* SettingsViewController.swift */; };
		FCF4478B26A6A75A00315CC2 /* Tools.swift in Sources */ = {isa = PBXBuildFile; fileRef = FCF4478A26A6A75A00315CC2 /* Tools.swift */; };
		FCF4478D26A6A77800315CC2 /* K.swift in Sources */ = {isa = PBXBuildFile; fileRef = FCF4478C26A6A77800315CC2 /* K.swift */; };
		FCF4479026A6A9D200315CC2 /* HomeCell.swift in Sources */ = {isa = PBXBuildFile; fileRef = FCF4478F26A6A9D200315CC2 /* HomeCell.swift */; };
		FCF4479226A6B9FB00315CC2 /* SubCateCell.swift in Sources */ = {isa = PBXBuildFile; fileRef = FCF4479126A6B9FB00315CC2 /* SubCateCell.swift */; };
/* End PBXBuildFile section */

/* Begin PBXContainerItemProxy section */
		FCF4476226A67EBA00315CC2 /* PBXContainerItemProxy */ = {
			isa = PBXContainerItemProxy;
			containerPortal = FCF4474326A67EB800315CC2 /* Project object */;
			proxyType = 1;
			remoteGlobalIDString = FCF4474A26A67EB800315CC2;
			remoteInfo = GifMaster;
		};
		FCF4476D26A67EBA00315CC2 /* PBXContainerItemProxy */ = {
			isa = PBXContainerItemProxy;
			containerPortal = FCF4474326A67EB800315CC2 /* Project object */;
			proxyType = 1;
			remoteGlobalIDString = FCF4474A26A67EB800315CC2;
			remoteInfo = GifMaster;
		};
/* End PBXContainerItemProxy section */

/* Begin PBXFileReference section */
		27CFDFCCB1D9DC2F9F4CDAB6 /* Pods_GifMasterTests.framework */ = {isa = PBXFileReference; explicitFileType = wrapper.framework; includeInIndex = 0; path = Pods_GifMasterTests.framework; sourceTree = BUILT_PRODUCTS_DIR; };
		2BBE896120078986E9E2C74E /* Pods-GifMasterTests.debug.xcconfig */ = {isa = PBXFileReference; includeInIndex = 1; lastKnownFileType = text.xcconfig; name = "Pods-GifMasterTests.debug.xcconfig"; path = "Target Support Files/Pods-GifMasterTests/Pods-GifMasterTests.debug.xcconfig"; sourceTree = "<group>"; };
		2FF9B533D8AE6092AB5C97EB /* Pods_GifMaster.framework */ = {isa = PBXFileReference; explicitFileType = wrapper.framework; includeInIndex = 0; path = Pods_GifMaster.framework; sourceTree = BUILT_PRODUCTS_DIR; };
		46945C5B36AF38E53A2E4E05 /* Pods-GifMaster-GifMasterUITests.debug.xcconfig */ = {isa = PBXFileReference; includeInIndex = 1; lastKnownFileType = text.xcconfig; name = "Pods-GifMaster-GifMasterUITests.debug.xcconfig"; path = "Target Support Files/Pods-GifMaster-GifMasterUITests/Pods-GifMaster-GifMasterUITests.debug.xcconfig"; sourceTree = "<group>"; };
		520149AF7BAB72A2D4CAECB4 /* Pods-GifMaster.release.xcconfig */ = {isa = PBXFileReference; includeInIndex = 1; lastKnownFileType = text.xcconfig; name = "Pods-GifMaster.release.xcconfig"; path = "Target Support Files/Pods-GifMaster/Pods-GifMaster.release.xcconfig"; sourceTree = "<group>"; };
		551D6D0885ED291F5D6376F4 /* Pods-GifMasterTests.release.xcconfig */ = {isa = PBXFileReference; includeInIndex = 1; lastKnownFileType = text.xcconfig; name = "Pods-GifMasterTests.release.xcconfig"; path = "Target Support Files/Pods-GifMasterTests/Pods-GifMasterTests.release.xcconfig"; sourceTree = "<group>"; };
		A3F6538BEB43FC8B85399EE7 /* Pods-GifMaster-GifMasterUITests.release.xcconfig */ = {isa = PBXFileReference; includeInIndex = 1; lastKnownFileType = text.xcconfig; name = "Pods-GifMaster-GifMasterUITests.release.xcconfig"; path = "Target Support Files/Pods-GifMaster-GifMasterUITests/Pods-GifMaster-GifMasterUITests.release.xcconfig"; sourceTree = "<group>"; };
		B3F3D52548F1626B3BC6ADBF /* Pods-GifMaster.debug.xcconfig */ = {isa = PBXFileReference; includeInIndex = 1; lastKnownFileType = text.xcconfig; name = "Pods-GifMaster.debug.xcconfig"; path = "Target Support Files/Pods-GifMaster/Pods-GifMaster.debug.xcconfig"; sourceTree = "<group>"; };
		CFBD4EDF2EB44AE307354F9D /* Pods_GifMaster_GifMasterUITests.framework */ = {isa = PBXFileReference; explicitFileType = wrapper.framework; includeInIndex = 0; path = Pods_GifMaster_GifMasterUITests.framework; sourceTree = BUILT_PRODUCTS_DIR; };
		FC5AFAC726A826540025E8A7 /* CateModel.swift */ = {isa = PBXFileReference; lastKnownFileType = sourcecode.swift; path = CateModel.swift; sourceTree = "<group>"; };
		FC5AFAC926A906720025E8A7 /* ImageLoader.swift */ = {isa = PBXFileReference; lastKnownFileType = sourcecode.swift; path = ImageLoader.swift; sourceTree = "<group>"; };
		FC5AFACB26A90BD20025E8A7 /* SearchModel.swift */ = {isa = PBXFileReference; lastKnownFileType = sourcecode.swift; path = SearchModel.swift; sourceTree = "<group>"; };
		FC5AFACD26A90F210025E8A7 /* SubCateModel.swift */ = {isa = PBXFileReference; lastKnownFileType = sourcecode.swift; path = SubCateModel.swift; sourceTree = "<group>"; };
		FC5AFAD126A95E5B0025E8A7 /* CategoryDetailViewController.swift */ = {isa = PBXFileReference; lastKnownFileType = sourcecode.swift; path = CategoryDetailViewController.swift; sourceTree = "<group>"; };
		FC5AFAD326A9776E0025E8A7 /* IconDetailViewController.swift */ = {isa = PBXFileReference; lastKnownFileType = sourcecode.swift; path = IconDetailViewController.swift; sourceTree = "<group>"; };
		FC5AFAD826AFDAE60025E8A7 /* SearchCell.swift */ = {isa = PBXFileReference; lastKnownFileType = sourcecode.swift; path = SearchCell.swift; sourceTree = "<group>"; };
		FC80DA4126B2519300009C8E /* AboutUsViewController.swift */ = {isa = PBXFileReference; lastKnownFileType = sourcecode.swift; path = AboutUsViewController.swift; sourceTree = "<group>"; };
		FCF4474B26A67EB800315CC2 /* GifMaster.app */ = {isa = PBXFileReference; explicitFileType = wrapper.application; includeInIndex = 0; path = GifMaster.app; sourceTree = BUILT_PRODUCTS_DIR; };
		FCF4474E26A67EB800315CC2 /* AppDelegate.swift */ = {isa = PBXFileReference; lastKnownFileType = sourcecode.swift; path = AppDelegate.swift; sourceTree = "<group>"; };
		FCF4475026A67EB800315CC2 /* SceneDelegate.swift */ = {isa = PBXFileReference; lastKnownFileType = sourcecode.swift; path = SceneDelegate.swift; sourceTree = "<group>"; };
		FCF4475226A67EB800315CC2 /* TabBarController.swift */ = {isa = PBXFileReference; lastKnownFileType = sourcecode.swift; path = TabBarController.swift; sourceTree = "<group>"; };
		FCF4475726A67EBA00315CC2 /* Assets.xcassets */ = {isa = PBXFileReference; lastKnownFileType = folder.assetcatalog; path = Assets.xcassets; sourceTree = "<group>"; };
		FCF4475A26A67EBA00315CC2 /* Base */ = {isa = PBXFileReference; lastKnownFileType = file.storyboard; name = Base; path = Base.lproj/LaunchScreen.storyboard; sourceTree = "<group>"; };
		FCF4475C26A67EBA00315CC2 /* Info.plist */ = {isa = PBXFileReference; lastKnownFileType = text.plist.xml; path = Info.plist; sourceTree = "<group>"; };
		FCF4476126A67EBA00315CC2 /* GifMasterTests.xctest */ = {isa = PBXFileReference; explicitFileType = wrapper.cfbundle; includeInIndex = 0; path = GifMasterTests.xctest; sourceTree = BUILT_PRODUCTS_DIR; };
		FCF4476526A67EBA00315CC2 /* GifMasterTests.swift */ = {isa = PBXFileReference; lastKnownFileType = sourcecode.swift; path = GifMasterTests.swift; sourceTree = "<group>"; };
		FCF4476726A67EBA00315CC2 /* Info.plist */ = {isa = PBXFileReference; lastKnownFileType = text.plist.xml; path = Info.plist; sourceTree = "<group>"; };
		FCF4476C26A67EBA00315CC2 /* GifMasterUITests.xctest */ = {isa = PBXFileReference; explicitFileType = wrapper.cfbundle; includeInIndex = 0; path = GifMasterUITests.xctest; sourceTree = BUILT_PRODUCTS_DIR; };
		FCF4477026A67EBA00315CC2 /* GifMasterUITests.swift */ = {isa = PBXFileReference; lastKnownFileType = sourcecode.swift; path = GifMasterUITests.swift; sourceTree = "<group>"; };
		FCF4477226A67EBA00315CC2 /* Info.plist */ = {isa = PBXFileReference; lastKnownFileType = text.plist.xml; path = Info.plist; sourceTree = "<group>"; };
		FCF4477E26A6987700315CC2 /* HomeViewController.swift */ = {isa = PBXFileReference; lastKnownFileType = sourcecode.swift; path = HomeViewController.swift; sourceTree = "<group>"; };
		FCF4478026A6988800315CC2 /* SearchViewController.swift */ = {isa = PBXFileReference; lastKnownFileType = sourcecode.swift; path = SearchViewController.swift; sourceTree = "<group>"; };
		FCF4478226A698F800315CC2 /* SettingsViewController.swift */ = {isa = PBXFileReference; lastKnownFileType = sourcecode.swift; path = SettingsViewController.swift; sourceTree = "<group>"; };
		FCF4478A26A6A75A00315CC2 /* Tools.swift */ = {isa = PBXFileReference; lastKnownFileType = sourcecode.swift; path = Tools.swift; sourceTree = "<group>"; };
		FCF4478C26A6A77800315CC2 /* K.swift */ = {isa = PBXFileReference; lastKnownFileType = sourcecode.swift; path = K.swift; sourceTree = "<group>"; };
		FCF4478F26A6A9D200315CC2 /* HomeCell.swift */ = {isa = PBXFileReference; lastKnownFileType = sourcecode.swift; path = HomeCell.swift; sourceTree = "<group>"; };
		FCF4479126A6B9FB00315CC2 /* SubCateCell.swift */ = {isa = PBXFileReference; lastKnownFileType = sourcecode.swift; path = SubCateCell.swift; sourceTree = "<group>"; };
/* End PBXFileReference section */

/* Begin PBXFrameworksBuildPhase section */
		FCF4474826A67EB800315CC2 /* Frameworks */ = {
			isa = PBXFrameworksBuildPhase;
			buildActionMask = 2147483647;
			files = (
				703C98D6DF11204375AECA14 /* Pods_GifMaster.framework in Frameworks */,
			);
			runOnlyForDeploymentPostprocessing = 0;
		};
		FCF4475E26A67EBA00315CC2 /* Frameworks */ = {
			isa = PBXFrameworksBuildPhase;
			buildActionMask = 2147483647;
			files = (
				0CCE2BB50C8CDD8D6A5E89F2 /* Pods_GifMasterTests.framework in Frameworks */,
			);
			runOnlyForDeploymentPostprocessing = 0;
		};
		FCF4476926A67EBA00315CC2 /* Frameworks */ = {
			isa = PBXFrameworksBuildPhase;
			buildActionMask = 2147483647;
			files = (
				98AE8648A0C70FCC009E8F29 /* Pods_GifMaster_GifMasterUITests.framework in Frameworks */,
			);
			runOnlyForDeploymentPostprocessing = 0;
		};
/* End PBXFrameworksBuildPhase section */

/* Begin PBXGroup section */
		029F87B589B70A089F9BD7E5 /* Pods */ = {
			isa = PBXGroup;
			children = (
				B3F3D52548F1626B3BC6ADBF /* Pods-GifMaster.debug.xcconfig */,
				520149AF7BAB72A2D4CAECB4 /* Pods-GifMaster.release.xcconfig */,
				46945C5B36AF38E53A2E4E05 /* Pods-GifMaster-GifMasterUITests.debug.xcconfig */,
				A3F6538BEB43FC8B85399EE7 /* Pods-GifMaster-GifMasterUITests.release.xcconfig */,
				2BBE896120078986E9E2C74E /* Pods-GifMasterTests.debug.xcconfig */,
				551D6D0885ED291F5D6376F4 /* Pods-GifMasterTests.release.xcconfig */,
			);
			path = Pods;
			sourceTree = "<group>";
		};
		7FD330D6740B1CC92E6D5B98 /* Frameworks */ = {
			isa = PBXGroup;
			children = (
				2FF9B533D8AE6092AB5C97EB /* Pods_GifMaster.framework */,
				CFBD4EDF2EB44AE307354F9D /* Pods_GifMaster_GifMasterUITests.framework */,
				27CFDFCCB1D9DC2F9F4CDAB6 /* Pods_GifMasterTests.framework */,
			);
			name = Frameworks;
			sourceTree = "<group>";
		};
		FC5AFAD526AF9B410025E8A7 /* Search */ = {
			isa = PBXGroup;
			children = (
				FC5AFAD726AFDAD50025E8A7 /* View */,
				FC5AFAD626AF9B4D0025E8A7 /* Controller */,
			);
			path = Search;
			sourceTree = "<group>";
		};
		FC5AFAD626AF9B4D0025E8A7 /* Controller */ = {
			isa = PBXGroup;
			children = (
				FCF4478026A6988800315CC2 /* SearchViewController.swift */,
			);
			path = Controller;
			sourceTree = "<group>";
		};
		FC5AFAD726AFDAD50025E8A7 /* View */ = {
			isa = PBXGroup;
			children = (
				FC5AFAD826AFDAE60025E8A7 /* SearchCell.swift */,
			);
			path = View;
			sourceTree = "<group>";
		};
		FC80DA3F26B14E6300009C8E /* Settings */ = {
			isa = PBXGroup;
			children = (
				FC80DA4026B14E6A00009C8E /* Controller */,
			);
			path = Settings;
			sourceTree = "<group>";
		};
		FC80DA4026B14E6A00009C8E /* Controller */ = {
			isa = PBXGroup;
			children = (
				FCF4478226A698F800315CC2 /* SettingsViewController.swift */,
				FC80DA4126B2519300009C8E /* AboutUsViewController.swift */,
			);
			path = Controller;
			sourceTree = "<group>";
		};
		FCF4474226A67EB800315CC2 = {
			isa = PBXGroup;
			children = (
				FCF4474D26A67EB800315CC2 /* GifMaster */,
				FCF4476426A67EBA00315CC2 /* GifMasterTests */,
				FCF4476F26A67EBA00315CC2 /* GifMasterUITests */,
				FCF4474C26A67EB800315CC2 /* Products */,
				029F87B589B70A089F9BD7E5 /* Pods */,
				7FD330D6740B1CC92E6D5B98 /* Frameworks */,
			);
			sourceTree = "<group>";
		};
		FCF4474C26A67EB800315CC2 /* Products */ = {
			isa = PBXGroup;
			children = (
				FCF4474B26A67EB800315CC2 /* GifMaster.app */,
				FCF4476126A67EBA00315CC2 /* GifMasterTests.xctest */,
				FCF4476C26A67EBA00315CC2 /* GifMasterUITests.xctest */,
			);
			name = Products;
			sourceTree = "<group>";
		};
		FCF4474D26A67EB800315CC2 /* GifMaster */ = {
			isa = PBXGroup;
			children = (
				FCF4478926A6A74500315CC2 /* Resources */,
				FC5AFAD526AF9B410025E8A7 /* Search */,
				FC80DA3F26B14E6300009C8E /* Settings */,
				FCF4478426A6A5DE00315CC2 /* Home */,
				FCF4474E26A67EB800315CC2 /* AppDelegate.swift */,
				FCF4475026A67EB800315CC2 /* SceneDelegate.swift */,
				FCF4475726A67EBA00315CC2 /* Assets.xcassets */,
				FCF4475926A67EBA00315CC2 /* LaunchScreen.storyboard */,
				FCF4475C26A67EBA00315CC2 /* Info.plist */,
			);
			path = GifMaster;
			sourceTree = "<group>";
		};
		FCF4476426A67EBA00315CC2 /* GifMasterTests */ = {
			isa = PBXGroup;
			children = (
				FCF4476526A67EBA00315CC2 /* GifMasterTests.swift */,
				FCF4476726A67EBA00315CC2 /* Info.plist */,
			);
			path = GifMasterTests;
			sourceTree = "<group>";
		};
		FCF4476F26A67EBA00315CC2 /* GifMasterUITests */ = {
			isa = PBXGroup;
			children = (
				FCF4477026A67EBA00315CC2 /* GifMasterUITests.swift */,
				FCF4477226A67EBA00315CC2 /* Info.plist */,
			);
			path = GifMasterUITests;
			sourceTree = "<group>";
		};
		FCF4478426A6A5DE00315CC2 /* Home */ = {
			isa = PBXGroup;
			children = (
				FCF4478626A6A5F200315CC2 /* Model */,
				FCF4478E26A6A9C700315CC2 /* View */,
				FCF4478526A6A5E900315CC2 /* Controller */,
			);
			path = Home;
			sourceTree = "<group>";
		};
		FCF4478526A6A5E900315CC2 /* Controller */ = {
			isa = PBXGroup;
			children = (
				FCF4477E26A6987700315CC2 /* HomeViewController.swift */,
				FCF4475226A67EB800315CC2 /* TabBarController.swift */,
				FC5AFAD126A95E5B0025E8A7 /* CategoryDetailViewController.swift */,
				FC5AFAD326A9776E0025E8A7 /* IconDetailViewController.swift */,
			);
			path = Controller;
			sourceTree = "<group>";
		};
		FCF4478626A6A5F200315CC2 /* Model */ = {
			isa = PBXGroup;
			children = (
				FC5AFAC726A826540025E8A7 /* CateModel.swift */,
				FC5AFACB26A90BD20025E8A7 /* SearchModel.swift */,
				FC5AFACD26A90F210025E8A7 /* SubCateModel.swift */,
			);
			path = Model;
			sourceTree = "<group>";
		};
		FCF4478926A6A74500315CC2 /* Resources */ = {
			isa = PBXGroup;
			children = (
				FCF4478A26A6A75A00315CC2 /* Tools.swift */,
				FCF4478C26A6A77800315CC2 /* K.swift */,
				FC5AFAC926A906720025E8A7 /* ImageLoader.swift */,
			);
			path = Resources;
			sourceTree = "<group>";
		};
		FCF4478E26A6A9C700315CC2 /* View */ = {
			isa = PBXGroup;
			children = (
				FCF4478F26A6A9D200315CC2 /* HomeCell.swift */,
				FCF4479126A6B9FB00315CC2 /* SubCateCell.swift */,
			);
			path = View;
			sourceTree = "<group>";
		};
/* End PBXGroup section */

/* Begin PBXNativeTarget section */
		FCF4474A26A67EB800315CC2 /* GifMaster */ = {
			isa = PBXNativeTarget;
			buildConfigurationList = FCF4477526A67EBA00315CC2 /* Build configuration list for PBXNativeTarget "GifMaster" */;
			buildPhases = (
				EC403FCF49367A7A0ED09435 /* [CP] Check Pods Manifest.lock */,
				FCF4474726A67EB800315CC2 /* Sources */,
				FCF4474826A67EB800315CC2 /* Frameworks */,
				FCF4474926A67EB800315CC2 /* Resources */,
				8ADB128C05B8CBF981B6ABAF /* [CP] Embed Pods Frameworks */,
			);
			buildRules = (
			);
			dependencies = (
			);
			name = GifMaster;
			productName = GifMaster;
			productReference = FCF4474B26A67EB800315CC2 /* GifMaster.app */;
			productType = "com.apple.product-type.application";
		};
		FCF4476026A67EBA00315CC2 /* GifMasterTests */ = {
			isa = PBXNativeTarget;
			buildConfigurationList = FCF4477826A67EBA00315CC2 /* Build configuration list for PBXNativeTarget "GifMasterTests" */;
			buildPhases = (
				72CA7A808CFE1DD4ED5D3C07 /* [CP] Check Pods Manifest.lock */,
				FCF4475D26A67EBA00315CC2 /* Sources */,
				FCF4475E26A67EBA00315CC2 /* Frameworks */,
				FCF4475F26A67EBA00315CC2 /* Resources */,
			);
			buildRules = (
			);
			dependencies = (
				FCF4476326A67EBA00315CC2 /* PBXTargetDependency */,
			);
			name = GifMasterTests;
			productName = GifMasterTests;
			productReference = FCF4476126A67EBA00315CC2 /* GifMasterTests.xctest */;
			productType = "com.apple.product-type.bundle.unit-test";
		};
		FCF4476B26A67EBA00315CC2 /* GifMasterUITests */ = {
			isa = PBXNativeTarget;
			buildConfigurationList = FCF4477B26A67EBA00315CC2 /* Build configuration list for PBXNativeTarget "GifMasterUITests" */;
			buildPhases = (
				B367E9F63589940069D5AB0D /* [CP] Check Pods Manifest.lock */,
				FCF4476826A67EBA00315CC2 /* Sources */,
				FCF4476926A67EBA00315CC2 /* Frameworks */,
				FCF4476A26A67EBA00315CC2 /* Resources */,
				6189C8C342D13D6991E9BECF /* [CP] Embed Pods Frameworks */,
			);
			buildRules = (
			);
			dependencies = (
				FCF4476E26A67EBA00315CC2 /* PBXTargetDependency */,
			);
			name = GifMasterUITests;
			productName = GifMasterUITests;
			productReference = FCF4476C26A67EBA00315CC2 /* GifMasterUITests.xctest */;
			productType = "com.apple.product-type.bundle.ui-testing";
		};
/* End PBXNativeTarget section */

/* Begin PBXProject section */
		FCF4474326A67EB800315CC2 /* Project object */ = {
			isa = PBXProject;
			attributes = {
				LastSwiftUpdateCheck = 1250;
				LastUpgradeCheck = 1250;
				TargetAttributes = {
					FCF4474A26A67EB800315CC2 = {
						CreatedOnToolsVersion = 12.5;
					};
					FCF4476026A67EBA00315CC2 = {
						CreatedOnToolsVersion = 12.5;
						TestTargetID = FCF4474A26A67EB800315CC2;
					};
					FCF4476B26A67EBA00315CC2 = {
						CreatedOnToolsVersion = 12.5;
						TestTargetID = FCF4474A26A67EB800315CC2;
					};
				};
			};
			buildConfigurationList = FCF4474626A67EB800315CC2 /* Build configuration list for PBXProject "GifMaster" */;
			compatibilityVersion = "Xcode 9.3";
			developmentRegion = en;
			hasScannedForEncodings = 0;
			knownRegions = (
				en,
				Base,
			);
			mainGroup = FCF4474226A67EB800315CC2;
			productRefGroup = FCF4474C26A67EB800315CC2 /* Products */;
			projectDirPath = "";
			projectRoot = "";
			targets = (
				FCF4474A26A67EB800315CC2 /* GifMaster */,
				FCF4476026A67EBA00315CC2 /* GifMasterTests */,
				FCF4476B26A67EBA00315CC2 /* GifMasterUITests */,
			);
		};
/* End PBXProject section */

/* Begin PBXResourcesBuildPhase section */
		FCF4474926A67EB800315CC2 /* Resources */ = {
			isa = PBXResourcesBuildPhase;
			buildActionMask = 2147483647;
			files = (
				FCF4475B26A67EBA00315CC2 /* LaunchScreen.storyboard in Resources */,
				FCF4475826A67EBA00315CC2 /* Assets.xcassets in Resources */,
			);
			runOnlyForDeploymentPostprocessing = 0;
		};
		FCF4475F26A67EBA00315CC2 /* Resources */ = {
			isa = PBXResourcesBuildPhase;
			buildActionMask = 2147483647;
			files = (
			);
			runOnlyForDeploymentPostprocessing = 0;
		};
		FCF4476A26A67EBA00315CC2 /* Resources */ = {
			isa = PBXResourcesBuildPhase;
			buildActionMask = 2147483647;
			files = (
			);
			runOnlyForDeploymentPostprocessing = 0;
		};
/* End PBXResourcesBuildPhase section */

/* Begin PBXShellScriptBuildPhase section */
		6189C8C342D13D6991E9BECF /* [CP] Embed Pods Frameworks */ = {
			isa = PBXShellScriptBuildPhase;
			buildActionMask = 2147483647;
			files = (
			);
			inputFileListPaths = (
				"${PODS_ROOT}/Target Support Files/Pods-GifMaster-GifMasterUITests/Pods-GifMaster-GifMasterUITests-frameworks-${CONFIGURATION}-input-files.xcfilelist",
			);
			name = "[CP] Embed Pods Frameworks";
			outputFileListPaths = (
				"${PODS_ROOT}/Target Support Files/Pods-GifMaster-GifMasterUITests/Pods-GifMaster-GifMasterUITests-frameworks-${CONFIGURATION}-output-files.xcfilelist",
			);
			runOnlyForDeploymentPostprocessing = 0;
			shellPath = /bin/sh;
			shellScript = "\"${PODS_ROOT}/Target Support Files/Pods-GifMaster-GifMasterUITests/Pods-GifMaster-GifMasterUITests-frameworks.sh\"\n";
			showEnvVarsInLog = 0;
		};
		72CA7A808CFE1DD4ED5D3C07 /* [CP] Check Pods Manifest.lock */ = {
			isa = PBXShellScriptBuildPhase;
			buildActionMask = 2147483647;
			files = (
			);
			inputFileListPaths = (
			);
			inputPaths = (
				"${PODS_PODFILE_DIR_PATH}/Podfile.lock",
				"${PODS_ROOT}/Manifest.lock",
			);
			name = "[CP] Check Pods Manifest.lock";
			outputFileListPaths = (
			);
			outputPaths = (
				"$(DERIVED_FILE_DIR)/Pods-GifMasterTests-checkManifestLockResult.txt",
			);
			runOnlyForDeploymentPostprocessing = 0;
			shellPath = /bin/sh;
			shellScript = "diff \"${PODS_PODFILE_DIR_PATH}/Podfile.lock\" \"${PODS_ROOT}/Manifest.lock\" > /dev/null\nif [ $? != 0 ] ; then\n    # print error to STDERR\n    echo \"error: The sandbox is not in sync with the Podfile.lock. Run 'pod install' or update your CocoaPods installation.\" >&2\n    exit 1\nfi\n# This output is used by Xcode 'outputs' to avoid re-running this script phase.\necho \"SUCCESS\" > \"${SCRIPT_OUTPUT_FILE_0}\"\n";
			showEnvVarsInLog = 0;
		};
		8ADB128C05B8CBF981B6ABAF /* [CP] Embed Pods Frameworks */ = {
			isa = PBXShellScriptBuildPhase;
			buildActionMask = 2147483647;
			files = (
			);
			inputFileListPaths = (
				"${PODS_ROOT}/Target Support Files/Pods-GifMaster/Pods-GifMaster-frameworks-${CONFIGURATION}-input-files.xcfilelist",
			);
			name = "[CP] Embed Pods Frameworks";
			outputFileListPaths = (
				"${PODS_ROOT}/Target Support Files/Pods-GifMaster/Pods-GifMaster-frameworks-${CONFIGURATION}-output-files.xcfilelist",
			);
			runOnlyForDeploymentPostprocessing = 0;
			shellPath = /bin/sh;
			shellScript = "\"${PODS_ROOT}/Target Support Files/Pods-GifMaster/Pods-GifMaster-frameworks.sh\"\n";
			showEnvVarsInLog = 0;
		};
		B367E9F63589940069D5AB0D /* [CP] Check Pods Manifest.lock */ = {
			isa = PBXShellScriptBuildPhase;
			buildActionMask = 2147483647;
			files = (
			);
			inputFileListPaths = (
			);
			inputPaths = (
				"${PODS_PODFILE_DIR_PATH}/Podfile.lock",
				"${PODS_ROOT}/Manifest.lock",
			);
			name = "[CP] Check Pods Manifest.lock";
			outputFileListPaths = (
			);
			outputPaths = (
				"$(DERIVED_FILE_DIR)/Pods-GifMaster-GifMasterUITests-checkManifestLockResult.txt",
			);
			runOnlyForDeploymentPostprocessing = 0;
			shellPath = /bin/sh;
			shellScript = "diff \"${PODS_PODFILE_DIR_PATH}/Podfile.lock\" \"${PODS_ROOT}/Manifest.lock\" > /dev/null\nif [ $? != 0 ] ; then\n    # print error to STDERR\n    echo \"error: The sandbox is not in sync with the Podfile.lock. Run 'pod install' or update your CocoaPods installation.\" >&2\n    exit 1\nfi\n# This output is used by Xcode 'outputs' to avoid re-running this script phase.\necho \"SUCCESS\" > \"${SCRIPT_OUTPUT_FILE_0}\"\n";
			showEnvVarsInLog = 0;
		};
		EC403FCF49367A7A0ED09435 /* [CP] Check Pods Manifest.lock */ = {
			isa = PBXShellScriptBuildPhase;
			buildActionMask = 2147483647;
			files = (
			);
			inputFileListPaths = (
			);
			inputPaths = (
				"${PODS_PODFILE_DIR_PATH}/Podfile.lock",
				"${PODS_ROOT}/Manifest.lock",
			);
			name = "[CP] Check Pods Manifest.lock";
			outputFileListPaths = (
			);
			outputPaths = (
				"$(DERIVED_FILE_DIR)/Pods-GifMaster-checkManifestLockResult.txt",
			);
			runOnlyForDeploymentPostprocessing = 0;
			shellPath = /bin/sh;
			shellScript = "diff \"${PODS_PODFILE_DIR_PATH}/Podfile.lock\" \"${PODS_ROOT}/Manifest.lock\" > /dev/null\nif [ $? != 0 ] ; then\n    # print error to STDERR\n    echo \"error: The sandbox is not in sync with the Podfile.lock. Run 'pod install' or update your CocoaPods installation.\" >&2\n    exit 1\nfi\n# This output is used by Xcode 'outputs' to avoid re-running this script phase.\necho \"SUCCESS\" > \"${SCRIPT_OUTPUT_FILE_0}\"\n";
			showEnvVarsInLog = 0;
		};
/* End PBXShellScriptBuildPhase section */

/* Begin PBXSourcesBuildPhase section */
		FCF4474726A67EB800315CC2 /* Sources */ = {
			isa = PBXSourcesBuildPhase;
			buildActionMask = 2147483647;
			files = (
				FC5AFACC26A90BD20025E8A7 /* SearchModel.swift in Sources */,
				FCF4478D26A6A77800315CC2 /* K.swift in Sources */,
				FCF4478326A698F800315CC2 /* SettingsViewController.swift in Sources */,
				FC5AFACA26A906720025E8A7 /* ImageLoader.swift in Sources */,
				FC5AFAD426A9776E0025E8A7 /* IconDetailViewController.swift in Sources */,
				FCF4478126A6988800315CC2 /* SearchViewController.swift in Sources */,
				FCF4479026A6A9D200315CC2 /* HomeCell.swift in Sources */,
				FCF4475326A67EB800315CC2 /* TabBarController.swift in Sources */,
				FCF4474F26A67EB800315CC2 /* AppDelegate.swift in Sources */,
				FC5AFAC826A826540025E8A7 /* CateModel.swift in Sources */,
				FC80DA4226B2519300009C8E /* AboutUsViewController.swift in Sources */,
				FC5AFAD226A95E5B0025E8A7 /* CategoryDetailViewController.swift in Sources */,
				FCF4475126A67EB800315CC2 /* SceneDelegate.swift in Sources */,
				FCF4477F26A6987700315CC2 /* HomeViewController.swift in Sources */,
				FC5AFACE26A90F210025E8A7 /* SubCateModel.swift in Sources */,
				FCF4479226A6B9FB00315CC2 /* SubCateCell.swift in Sources */,
				FC5AFAD926AFDAE60025E8A7 /* SearchCell.swift in Sources */,
				FCF4478B26A6A75A00315CC2 /* Tools.swift in Sources */,
			);
			runOnlyForDeploymentPostprocessing = 0;
		};
		FCF4475D26A67EBA00315CC2 /* Sources */ = {
			isa = PBXSourcesBuildPhase;
			buildActionMask = 2147483647;
			files = (
				FCF4476626A67EBA00315CC2 /* GifMasterTests.swift in Sources */,
			);
			runOnlyForDeploymentPostprocessing = 0;
		};
		FCF4476826A67EBA00315CC2 /* Sources */ = {
			isa = PBXSourcesBuildPhase;
			buildActionMask = 2147483647;
			files = (
				FCF4477126A67EBA00315CC2 /* GifMasterUITests.swift in Sources */,
			);
			runOnlyForDeploymentPostprocessing = 0;
		};
/* End PBXSourcesBuildPhase section */

/* Begin PBXTargetDependency section */
		FCF4476326A67EBA00315CC2 /* PBXTargetDependency */ = {
			isa = PBXTargetDependency;
			target = FCF4474A26A67EB800315CC2 /* GifMaster */;
			targetProxy = FCF4476226A67EBA00315CC2 /* PBXContainerItemProxy */;
		};
		FCF4476E26A67EBA00315CC2 /* PBXTargetDependency */ = {
			isa = PBXTargetDependency;
			target = FCF4474A26A67EB800315CC2 /* GifMaster */;
			targetProxy = FCF4476D26A67EBA00315CC2 /* PBXContainerItemProxy */;
		};
/* End PBXTargetDependency section */

/* Begin PBXVariantGroup section */
		FCF4475926A67EBA00315CC2 /* LaunchScreen.storyboard */ = {
			isa = PBXVariantGroup;
			children = (
				FCF4475A26A67EBA00315CC2 /* Base */,
			);
			name = LaunchScreen.storyboard;
			sourceTree = "<group>";
		};
/* End PBXVariantGroup section */

/* Begin XCBuildConfiguration section */
		FCF4477326A67EBA00315CC2 /* Debug */ = {
			isa = XCBuildConfiguration;
			buildSettings = {
				ALWAYS_SEARCH_USER_PATHS = NO;
				CLANG_ANALYZER_NONNULL = YES;
				CLANG_ANALYZER_NUMBER_OBJECT_CONVERSION = YES_AGGRESSIVE;
				CLANG_CXX_LANGUAGE_STANDARD = "gnu++14";
				CLANG_CXX_LIBRARY = "libc++";
				CLANG_ENABLE_MODULES = YES;
				CLANG_ENABLE_OBJC_ARC = YES;
				CLANG_ENABLE_OBJC_WEAK = YES;
				CLANG_WARN_BLOCK_CAPTURE_AUTORELEASING = YES;
				CLANG_WARN_BOOL_CONVERSION = YES;
				CLANG_WARN_COMMA = YES;
				CLANG_WARN_CONSTANT_CONVERSION = YES;
				CLANG_WARN_DEPRECATED_OBJC_IMPLEMENTATIONS = YES;
				CLANG_WARN_DIRECT_OBJC_ISA_USAGE = YES_ERROR;
				CLANG_WARN_DOCUMENTATION_COMMENTS = YES;
				CLANG_WARN_EMPTY_BODY = YES;
				CLANG_WARN_ENUM_CONVERSION = YES;
				CLANG_WARN_INFINITE_RECURSION = YES;
				CLANG_WARN_INT_CONVERSION = YES;
				CLANG_WARN_NON_LITERAL_NULL_CONVERSION = YES;
				CLANG_WARN_OBJC_IMPLICIT_RETAIN_SELF = YES;
				CLANG_WARN_OBJC_LITERAL_CONVERSION = YES;
				CLANG_WARN_OBJC_ROOT_CLASS = YES_ERROR;
				CLANG_WARN_QUOTED_INCLUDE_IN_FRAMEWORK_HEADER = YES;
				CLANG_WARN_RANGE_LOOP_ANALYSIS = YES;
				CLANG_WARN_STRICT_PROTOTYPES = YES;
				CLANG_WARN_SUSPICIOUS_MOVE = YES;
				CLANG_WARN_UNGUARDED_AVAILABILITY = YES_AGGRESSIVE;
				CLANG_WARN_UNREACHABLE_CODE = YES;
				CLANG_WARN__DUPLICATE_METHOD_MATCH = YES;
				COPY_PHASE_STRIP = NO;
				DEBUG_INFORMATION_FORMAT = dwarf;
				ENABLE_STRICT_OBJC_MSGSEND = YES;
				ENABLE_TESTABILITY = YES;
				GCC_C_LANGUAGE_STANDARD = gnu11;
				GCC_DYNAMIC_NO_PIC = NO;
				GCC_NO_COMMON_BLOCKS = YES;
				GCC_OPTIMIZATION_LEVEL = 0;
				GCC_PREPROCESSOR_DEFINITIONS = (
					"DEBUG=1",
					"$(inherited)",
				);
				GCC_WARN_64_TO_32_BIT_CONVERSION = YES;
				GCC_WARN_ABOUT_RETURN_TYPE = YES_ERROR;
				GCC_WARN_UNDECLARED_SELECTOR = YES;
				GCC_WARN_UNINITIALIZED_AUTOS = YES_AGGRESSIVE;
				GCC_WARN_UNUSED_FUNCTION = YES;
				GCC_WARN_UNUSED_VARIABLE = YES;
				IPHONEOS_DEPLOYMENT_TARGET = 14.5;
				MTL_ENABLE_DEBUG_INFO = INCLUDE_SOURCE;
				MTL_FAST_MATH = YES;
				ONLY_ACTIVE_ARCH = YES;
				SDKROOT = iphoneos;
				SWIFT_ACTIVE_COMPILATION_CONDITIONS = DEBUG;
				SWIFT_OPTIMIZATION_LEVEL = "-Onone";
			};
			name = Debug;
		};
		FCF4477426A67EBA00315CC2 /* Release */ = {
			isa = XCBuildConfiguration;
			buildSettings = {
				ALWAYS_SEARCH_USER_PATHS = NO;
				CLANG_ANALYZER_NONNULL = YES;
				CLANG_ANALYZER_NUMBER_OBJECT_CONVERSION = YES_AGGRESSIVE;
				CLANG_CXX_LANGUAGE_STANDARD = "gnu++14";
				CLANG_CXX_LIBRARY = "libc++";
				CLANG_ENABLE_MODULES = YES;
				CLANG_ENABLE_OBJC_ARC = YES;
				CLANG_ENABLE_OBJC_WEAK = YES;
				CLANG_WARN_BLOCK_CAPTURE_AUTORELEASING = YES;
				CLANG_WARN_BOOL_CONVERSION = YES;
				CLANG_WARN_COMMA = YES;
				CLANG_WARN_CONSTANT_CONVERSION = YES;
				CLANG_WARN_DEPRECATED_OBJC_IMPLEMENTATIONS = YES;
				CLANG_WARN_DIRECT_OBJC_ISA_USAGE = YES_ERROR;
				CLANG_WARN_DOCUMENTATION_COMMENTS = YES;
				CLANG_WARN_EMPTY_BODY = YES;
				CLANG_WARN_ENUM_CONVERSION = YES;
				CLANG_WARN_INFINITE_RECURSION = YES;
				CLANG_WARN_INT_CONVERSION = YES;
				CLANG_WARN_NON_LITERAL_NULL_CONVERSION = YES;
				CLANG_WARN_OBJC_IMPLICIT_RETAIN_SELF = YES;
				CLANG_WARN_OBJC_LITERAL_CONVERSION = YES;
				CLANG_WARN_OBJC_ROOT_CLASS = YES_ERROR;
				CLANG_WARN_QUOTED_INCLUDE_IN_FRAMEWORK_HEADER = YES;
				CLANG_WARN_RANGE_LOOP_ANALYSIS = YES;
				CLANG_WARN_STRICT_PROTOTYPES = YES;
				CLANG_WARN_SUSPICIOUS_MOVE = YES;
				CLANG_WARN_UNGUARDED_AVAILABILITY = YES_AGGRESSIVE;
				CLANG_WARN_UNREACHABLE_CODE = YES;
				CLANG_WARN__DUPLICATE_METHOD_MATCH = YES;
				COPY_PHASE_STRIP = NO;
				DEBUG_INFORMATION_FORMAT = "dwarf-with-dsym";
				ENABLE_NS_ASSERTIONS = NO;
				ENABLE_STRICT_OBJC_MSGSEND = YES;
				GCC_C_LANGUAGE_STANDARD = gnu11;
				GCC_NO_COMMON_BLOCKS = YES;
				GCC_WARN_64_TO_32_BIT_CONVERSION = YES;
				GCC_WARN_ABOUT_RETURN_TYPE = YES_ERROR;
				GCC_WARN_UNDECLARED_SELECTOR = YES;
				GCC_WARN_UNINITIALIZED_AUTOS = YES_AGGRESSIVE;
				GCC_WARN_UNUSED_FUNCTION = YES;
				GCC_WARN_UNUSED_VARIABLE = YES;
				IPHONEOS_DEPLOYMENT_TARGET = 14.5;
				MTL_ENABLE_DEBUG_INFO = NO;
				MTL_FAST_MATH = YES;
				SDKROOT = iphoneos;
				SWIFT_COMPILATION_MODE = wholemodule;
				SWIFT_OPTIMIZATION_LEVEL = "-O";
				VALIDATE_PRODUCT = YES;
			};
			name = Release;
		};
		FCF4477626A67EBA00315CC2 /* Debug */ = {
			isa = XCBuildConfiguration;
			baseConfigurationReference = B3F3D52548F1626B3BC6ADBF /* Pods-GifMaster.debug.xcconfig */;
			buildSettings = {
				ASSETCATALOG_COMPILER_APPICON_NAME = AppIcon;
				ASSETCATALOG_COMPILER_GLOBAL_ACCENT_COLOR_NAME = AccentColor;
				CODE_SIGN_STYLE = Automatic;
				DEVELOPMENT_TEAM = 245Z5XS9ML;
				INFOPLIST_FILE = GifMaster/Info.plist;
				LD_RUNPATH_SEARCH_PATHS = (
					"$(inherited)",
					"@executable_path/Frameworks",
				);
				PRODUCT_BUNDLE_IDENTIFIER = com.holyblade.GifMaster;
				PRODUCT_NAME = "$(TARGET_NAME)";
				SWIFT_VERSION = 5.0;
				TARGETED_DEVICE_FAMILY = 1;
			};
			name = Debug;
		};
		FCF4477726A67EBA00315CC2 /* Release */ = {
			isa = XCBuildConfiguration;
			baseConfigurationReference = 520149AF7BAB72A2D4CAECB4 /* Pods-GifMaster.release.xcconfig */;
			buildSettings = {
				ASSETCATALOG_COMPILER_APPICON_NAME = AppIcon;
				ASSETCATALOG_COMPILER_GLOBAL_ACCENT_COLOR_NAME = AccentColor;
				CODE_SIGN_STYLE = Automatic;
				DEVELOPMENT_TEAM = 245Z5XS9ML;
				INFOPLIST_FILE = GifMaster/Info.plist;
				LD_RUNPATH_SEARCH_PATHS = (
					"$(inherited)",
					"@executable_path/Frameworks",
				);
				PRODUCT_BUNDLE_IDENTIFIER = com.holyblade.GifMaster;
				PRODUCT_NAME = "$(TARGET_NAME)";
				SWIFT_VERSION = 5.0;
				TARGETED_DEVICE_FAMILY = 1;
			};
			name = Release;
		};
		FCF4477926A67EBA00315CC2 /* Debug */ = {
			isa = XCBuildConfiguration;
			baseConfigurationReference = 2BBE896120078986E9E2C74E /* Pods-GifMasterTests.debug.xcconfig */;
			buildSettings = {
				ALWAYS_EMBED_SWIFT_STANDARD_LIBRARIES = YES;
				BUNDLE_LOADER = "$(TEST_HOST)";
				CODE_SIGN_STYLE = Automatic;
				DEVELOPMENT_TEAM = 245Z5XS9ML;
				INFOPLIST_FILE = GifMasterTests/Info.plist;
				IPHONEOS_DEPLOYMENT_TARGET = 14.5;
				LD_RUNPATH_SEARCH_PATHS = (
					"$(inherited)",
					"@executable_path/Frameworks",
					"@loader_path/Frameworks",
				);
				PRODUCT_BUNDLE_IDENTIFIER = com.holyblade.GifMasterTests;
				PRODUCT_NAME = "$(TARGET_NAME)";
				SWIFT_VERSION = 5.0;
				TARGETED_DEVICE_FAMILY = "1,2";
				TEST_HOST = "$(BUILT_PRODUCTS_DIR)/GifMaster.app/GifMaster";
			};
			name = Debug;
		};
		FCF4477A26A67EBA00315CC2 /* Release */ = {
			isa = XCBuildConfiguration;
			baseConfigurationReference = 551D6D0885ED291F5D6376F4 /* Pods-GifMasterTests.release.xcconfig */;
			buildSettings = {
				ALWAYS_EMBED_SWIFT_STANDARD_LIBRARIES = YES;
				BUNDLE_LOADER = "$(TEST_HOST)";
				CODE_SIGN_STYLE = Automatic;
				DEVELOPMENT_TEAM = 245Z5XS9ML;
				INFOPLIST_FILE = GifMasterTests/Info.plist;
				IPHONEOS_DEPLOYMENT_TARGET = 14.5;
				LD_RUNPATH_SEARCH_PATHS = (
					"$(inherited)",
					"@executable_path/Frameworks",
					"@loader_path/Frameworks",
				);
				PRODUCT_BUNDLE_IDENTIFIER = com.holyblade.GifMasterTests;
				PRODUCT_NAME = "$(TARGET_NAME)";
				SWIFT_VERSION = 5.0;
				TARGETED_DEVICE_FAMILY = "1,2";
				TEST_HOST = "$(BUILT_PRODUCTS_DIR)/GifMaster.app/GifMaster";
			};
			name = Release;
		};
		FCF4477C26A67EBA00315CC2 /* Debug */ = {
			isa = XCBuildConfiguration;
			baseConfigurationReference = 46945C5B36AF38E53A2E4E05 /* Pods-GifMaster-GifMasterUITests.debug.xcconfig */;
			buildSettings = {
				ALWAYS_EMBED_SWIFT_STANDARD_LIBRARIES = YES;
				CODE_SIGN_STYLE = Automatic;
				DEVELOPMENT_TEAM = 245Z5XS9ML;
				INFOPLIST_FILE = GifMasterUITests/Info.plist;
				LD_RUNPATH_SEARCH_PATHS = (
					"$(inherited)",
					"@executable_path/Frameworks",
					"@loader_path/Frameworks",
				);
				PRODUCT_BUNDLE_IDENTIFIER = com.holyblade.GifMasterUITests;
				PRODUCT_NAME = "$(TARGET_NAME)";
				SWIFT_VERSION = 5.0;
				TARGETED_DEVICE_FAMILY = "1,2";
				TEST_TARGET_NAME = GifMaster;
			};
			name = Debug;
		};
		FCF4477D26A67EBA00315CC2 /* Release */ = {
			isa = XCBuildConfiguration;
			baseConfigurationReference = A3F6538BEB43FC8B85399EE7 /* Pods-GifMaster-GifMasterUITests.release.xcconfig */;
			buildSettings = {
				ALWAYS_EMBED_SWIFT_STANDARD_LIBRARIES = YES;
				CODE_SIGN_STYLE = Automatic;
				DEVELOPMENT_TEAM = 245Z5XS9ML;
				INFOPLIST_FILE = GifMasterUITests/Info.plist;
				LD_RUNPATH_SEARCH_PATHS = (
					"$(inherited)",
					"@executable_path/Frameworks",
					"@loader_path/Frameworks",
				);
				PRODUCT_BUNDLE_IDENTIFIER = com.holyblade.GifMasterUITests;
				PRODUCT_NAME = "$(TARGET_NAME)";
				SWIFT_VERSION = 5.0;
				TARGETED_DEVICE_FAMILY = "1,2";
				TEST_TARGET_NAME = GifMaster;
			};
			name = Release;
		};
/* End XCBuildConfiguration section */

/* Begin XCConfigurationList section */
		FCF4474626A67EB800315CC2 /* Build configuration list for PBXProject "GifMaster" */ = {
			isa = XCConfigurationList;
			buildConfigurations = (
				FCF4477326A67EBA00315CC2 /* Debug */,
				FCF4477426A67EBA00315CC2 /* Release */,
			);
			defaultConfigurationIsVisible = 0;
			defaultConfigurationName = Release;
		};
		FCF4477526A67EBA00315CC2 /* Build configuration list for PBXNativeTarget "GifMaster" */ = {
			isa = XCConfigurationList;
			buildConfigurations = (
				FCF4477626A67EBA00315CC2 /* Debug */,
				FCF4477726A67EBA00315CC2 /* Release */,
			);
			defaultConfigurationIsVisible = 0;
			defaultConfigurationName = Release;
		};
		FCF4477826A67EBA00315CC2 /* Build configuration list for PBXNativeTarget "GifMasterTests" */ = {
			isa = XCConfigurationList;
			buildConfigurations = (
				FCF4477926A67EBA00315CC2 /* Debug */,
				FCF4477A26A67EBA00315CC2 /* Release */,
			);
			defaultConfigurationIsVisible = 0;
			defaultConfigurationName = Release;
		};
		FCF4477B26A67EBA00315CC2 /* Build configuration list for PBXNativeTarget "GifMasterUITests" */ = {
			isa = XCConfigurationList;
			buildConfigurations = (
				FCF4477C26A67EBA00315CC2 /* Debug */,
				FCF4477D26A67EBA00315CC2 /* Release */,
			);
			defaultConfigurationIsVisible = 0;
			defaultConfigurationName = Release;
		};
/* End XCConfigurationList section */
	};
	rootObject = FCF4474326A67EB800315CC2 /* Project object */;
}
